
Microsoft Visual Studio Solution File, Format Version 12.00
# Visual Studio Version 17
VisualStudioVersion = 17.8.34525.116
MinimumVisualStudioVersion = 10.0.40219.1
Project("{FAE04EC0-301F-11D3-BF4B-00C04F79EFBC}") = "Workaround", "Workaround\Workaround.csproj", "{D6447C34-4957-44E3-8A20-00EC5D4E5DC7}"
EndProject
Project("{FAE04EC0-301F-11D3-BF4B-00C04F79EFBC}") = "Entities", "Entities\Entities.csproj", "{A901853A-62F1-4019-89C1-4F64E7DC62F9}"
EndProject
Project("{FAE04EC0-301F-11D3-BF4B-00C04F79EFBC}") = "Business", "Business\Business.csproj", "{8C517DC2-4EE5-4481-AF30-B63F2D39EEFB}"
EndProject
Global
	GlobalSection(SolutionConfigurationPlatforms) = preSolution
		Debug|Any CPU = Debug|Any CPU
		Release|Any CPU = Release|Any CPU
	EndGlobalSection
	GlobalSection(ProjectConfigurationPlatforms) = postSolution
		{D6447C34-4957-44E3-8A20-00EC5D4E5DC7}.Debug|Any CPU.ActiveCfg = Debug|Any CPU
		{D6447C34-4957-44E3-8A20-00EC5D4E5DC7}.Debug|Any CPU.Build.0 = Debug|Any CPU
		{D6447C34-4957-44E3-8A20-00EC5D4E5DC7}.Release|Any CPU.ActiveCfg = Release|Any CPU
		{D6447C34-4957-44E3-8A20-00EC5D4E5DC7}.Release|Any CPU.Build.0 = Release|Any CPU
		{A901853A-62F1-4019-89C1-4F64E7DC62F9}.Debug|Any CPU.ActiveCfg = Debug|Any CPU
		{A901853A-62F1-4019-89C1-4F64E7DC62F9}.Debug|Any CPU.Build.0 = Debug|Any CPU
		{A901853A-62F1-4019-89C1-4F64E7DC62F9}.Release|Any CPU.ActiveCfg = Release|Any CPU
		{A901853A-62F1-4019-89C1-4F64E7DC62F9}.Release|Any CPU.Build.0 = Release|Any CPU
		{8C517DC2-4EE5-4481-AF30-B63F2D39EEFB}.Debug|Any CPU.ActiveCfg = Debug|Any CPU
		{8C517DC2-4EE5-4481-AF30-B63F2D39EEFB}.Debug|Any CPU.Build.0 = Debug|Any CPU
		{8C517DC2-4EE5-4481-AF30-B63F2D39EEFB}.Release|Any CPU.ActiveCfg = Release|Any CPU
		{8C517DC2-4EE5-4481-AF30-B63F2D39EEFB}.Release|Any CPU.Build.0 = Release|Any CPU
	EndGlobalSection
	GlobalSection(SolutionProperties) = preSolution
		HideSolutionNode = FALSE
	EndGlobalSection
	GlobalSection(ExtensibilityGlobals) = postSolution
		SolutionGuid = {20BC09B6-0812-4A91-9FE6-30B300BEC8DD}
	EndGlobalSection
EndGlobal
